
Microsoft Visual Studio Solution File, Format Version 12.00
# Visual Studio 15
VisualStudioVersion = 15.0.28307.902
MinimumVisualStudioVersion = 10.0.40219.1
Project("{F184B08F-C81C-45F6-A57F-5ABD9991F28F}") = "Paso3BD", "Paso3BD\Paso3BD.vbproj", "{F149ECD2-F1BC-433F-BE36-557B9A11B06E}"
EndProject
Global
	GlobalSection(SolutionConfigurationPlatforms) = preSolution
		Debug|Any CPU = Debug|Any CPU
		Release|Any CPU = Release|Any CPU
	EndGlobalSection
	GlobalSection(ProjectConfigurationPlatforms) = postSolution
		{F149ECD2-F1BC-433F-BE36-557B9A11B06E}.Debug|Any CPU.ActiveCfg = Debug|Any CPU
		{F149ECD2-F1BC-433F-BE36-557B9A11B06E}.Debug|Any CPU.Build.0 = Debug|Any CPU
		{F149ECD2-F1BC-433F-BE36-557B9A11B06E}.Release|Any CPU.ActiveCfg = Release|Any CPU
		{F149ECD2-F1BC-433F-BE36-557B9A11B06E}.Release|Any CPU.Build.0 = Release|Any CPU
	EndGlobalSection
	GlobalSection(SolutionProperties) = preSolution
		HideSolutionNode = FALSE
	EndGlobalSection
	GlobalSection(ExtensibilityGlobals) = postSolution
		SolutionGuid = {6804A74D-D5D9-480E-BA27-C2DB87121DF3}
	EndGlobalSection
EndGlobal
